dependencies:
- name: kube-prometheus-stack
  repository: https://prometheus-community.github.io/helm-charts
  version: 39.10.0
- name: nvidia-device-plugin
  repository: https://nvidia.github.io/k8s-device-plugin
  version: 0.12.3
- name: node-feature-discovery
  repository: https://kubernetes-sigs.github.io/node-feature-discovery/charts
  version: 0.11.0
digest: sha256:271fbab3d163259d04f28d9fa658117ee4f96ffa88548940d8d9c628f165db8c
generated: "2023-03-31T16:45:16.027628+09:00"
